// !$*UTF8*$!
{
	archiveVersion = 1;
	classes = {
	};
	objectVersion = 50;
	objects = {

/* Begin PBXBuildFile section */
		3F3D9BD02232BDDB00D1B804 /* SecureKeyStorage.framework in Frameworks */ = {isa = PBXBuildFile; fileRef = 3F3D9BC62232BDDA00D1B804 /* SecureKeyStorage.framework */; };
		3F3D9BD52232BDDB00D1B804 /* SecureKeyStorageTests.swift in Sources */ = {isa = PBXBuildFile; fileRef = 3F3D9BD42232BDDB00D1B804 /* SecureKeyStorageTests.swift */; };
		3F3D9BF52232BE5100D1B804 /* EncryptedStore.swift in Sources */ = {isa = PBXBuildFile; fileRef = 3F3D9BEE2232BE5100D1B804 /* EncryptedStore.swift */; };
		3F3D9BF62232BE5100D1B804 /* SecureKeyStorage.swift in Sources */ = {isa = PBXBuildFile; fileRef = 3F3D9BEF2232BE5100D1B804 /* SecureKeyStorage.swift */; };
		3F3D9BF72232BE5100D1B804 /* KeychainStore.swift in Sources */ = {isa = PBXBuildFile; fileRef = 3F3D9BF02232BE5100D1B804 /* KeychainStore.swift */; };
		3F3D9BF82232BE5100D1B804 /* EncryptedStorageService.swift in Sources */ = {isa = PBXBuildFile; fileRef = 3F3D9BF12232BE5100D1B804 /* EncryptedStorageService.swift */; };
		3F3D9BF92232BE5100D1B804 /* SecurelyStoring.swift in Sources */ = {isa = PBXBuildFile; fileRef = 3F3D9BF22232BE5100D1B804 /* SecurelyStoring.swift */; };
		3F3D9BFA2232BE5100D1B804 /* KeychainService.swift in Sources */ = {isa = PBXBuildFile; fileRef = 3F3D9BF32232BE5100D1B804 /* KeychainService.swift */; };
		3F3D9BFB2232BE5100D1B804 /* SecureKeyStorageError.swift in Sources */ = {isa = PBXBuildFile; fileRef = 3F3D9BF42232BE5100D1B804 /* SecureKeyStorageError.swift */; };
		3F3D9BFD2233CCA200D1B804 /* RNCryptor.framework in Frameworks */ = {isa = PBXBuildFile; fileRef = 3F3D9BFC2233CCA200D1B804 /* RNCryptor.framework */; };
		5D51DC73E6C99EE25D5C5FC7 /* Pods_SecureKeyStorage.framework in Frameworks */ = {isa = PBXBuildFile; fileRef = 51248DFED2496D809255CF7B /* Pods_SecureKeyStorage.framework */; };
		F7C87FF40BE553FE9B8176FA /* Pods_SecureKeyStorageTests.framework in Frameworks */ = {isa = PBXBuildFile; fileRef = A64F8C39C49BA12869579971 /* Pods_SecureKeyStorageTests.framework */; };
/* End PBXBuildFile section */

/* Begin PBXContainerItemProxy section */
		3F3D9BD12232BDDB00D1B804 /* PBXContainerItemProxy */ = {
			isa = PBXContainerItemProxy;
			containerPortal = 3F3D9BBD2232BDDA00D1B804 /* Project object */;
			proxyType = 1;
			remoteGlobalIDString = 3F3D9BC52232BDDA00D1B804;
			remoteInfo = SecureKeyStorage;
		};
/* End PBXContainerItemProxy section */

/* Begin PBXFileReference section */
		3F3D9BC62232BDDA00D1B804 /* SecureKeyStorage.framework */ = {isa = PBXFileReference; explicitFileType = wrapper.framework; includeInIndex = 0; path = SecureKeyStorage.framework; sourceTree = BUILT_PRODUCTS_DIR; };
		3F3D9BCF2232BDDB00D1B804 /* SecureKeyStorageTests.xctest */ = {isa = PBXFileReference; explicitFileType = wrapper.cfbundle; includeInIndex = 0; path = SecureKeyStorageTests.xctest; sourceTree = BUILT_PRODUCTS_DIR; };
		3F3D9BD42232BDDB00D1B804 /* SecureKeyStorageTests.swift */ = {isa = PBXFileReference; lastKnownFileType = sourcecode.swift; path = SecureKeyStorageTests.swift; sourceTree = "<group>"; };
		3F3D9BEE2232BE5100D1B804 /* EncryptedStore.swift */ = {isa = PBXFileReference; fileEncoding = 4; lastKnownFileType = sourcecode.swift; path = EncryptedStore.swift; sourceTree = "<group>"; };
		3F3D9BEF2232BE5100D1B804 /* SecureKeyStorage.swift */ = {isa = PBXFileReference; fileEncoding = 4; lastKnownFileType = sourcecode.swift; path = SecureKeyStorage.swift; sourceTree = "<group>"; };
		3F3D9BF02232BE5100D1B804 /* KeychainStore.swift */ = {isa = PBXFileReference; fileEncoding = 4; lastKnownFileType = sourcecode.swift; path = KeychainStore.swift; sourceTree = "<group>"; };
		3F3D9BF12232BE5100D1B804 /* EncryptedStorageService.swift */ = {isa = PBXFileReference; fileEncoding = 4; lastKnownFileType = sourcecode.swift; path = EncryptedStorageService.swift; sourceTree = "<group>"; };
		3F3D9BF22232BE5100D1B804 /* SecurelyStoring.swift */ = {isa = PBXFileReference; fileEncoding = 4; lastKnownFileType = sourcecode.swift; path = SecurelyStoring.swift; sourceTree = "<group>"; };
		3F3D9BF32232BE5100D1B804 /* KeychainService.swift */ = {isa = PBXFileReference; fileEncoding = 4; lastKnownFileType = sourcecode.swift; path = KeychainService.swift; sourceTree = "<group>"; };
		3F3D9BF42232BE5100D1B804 /* SecureKeyStorageError.swift */ = {isa = PBXFileReference; fileEncoding = 4; lastKnownFileType = sourcecode.swift; path = SecureKeyStorageError.swift; sourceTree = "<group>"; };
		3F3D9BFC2233CCA200D1B804 /* RNCryptor.framework */ = {isa = PBXFileReference; explicitFileType = wrapper.framework; path = RNCryptor.framework; sourceTree = BUILT_PRODUCTS_DIR; };
		45BA29E1B3D5EC3B2892E2AD /* Pods-SecureKeyStorage.release.xcconfig */ = {isa = PBXFileReference; includeInIndex = 1; lastKnownFileType = text.xcconfig; name = "Pods-SecureKeyStorage.release.xcconfig"; path = "Target Support Files/Pods-SecureKeyStorage/Pods-SecureKeyStorage.release.xcconfig"; sourceTree = "<group>"; };
		51248DFED2496D809255CF7B /* Pods_SecureKeyStorage.framework */ = {isa = PBXFileReference; explicitFileType = wrapper.framework; includeInIndex = 0; path = Pods_SecureKeyStorage.framework; sourceTree = BUILT_PRODUCTS_DIR; };
		67682746166B040120656542 /* Pods-SecureKeyStorageTests.debug.xcconfig */ = {isa = PBXFileReference; includeInIndex = 1; lastKnownFileType = text.xcconfig; name = "Pods-SecureKeyStorageTests.debug.xcconfig"; path = "Target Support Files/Pods-SecureKeyStorageTests/Pods-SecureKeyStorageTests.debug.xcconfig"; sourceTree = "<group>"; };
		82F9A35F8DCED11A607D9FC0 /* Pods-SecureKeyStorageTests.release.xcconfig */ = {isa = PBXFileReference; includeInIndex = 1; lastKnownFileType = text.xcconfig; name = "Pods-SecureKeyStorageTests.release.xcconfig"; path = "Target Support Files/Pods-SecureKeyStorageTests/Pods-SecureKeyStorageTests.release.xcconfig"; sourceTree = "<group>"; };
		8F053B146539297CCFB1132B /* Pods-SecureKeyStorage.debug.xcconfig */ = {isa = PBXFileReference; includeInIndex = 1; lastKnownFileType = text.xcconfig; name = "Pods-SecureKeyStorage.debug.xcconfig"; path = "Target Support Files/Pods-SecureKeyStorage/Pods-SecureKeyStorage.debug.xcconfig"; sourceTree = "<group>"; };
		A64F8C39C49BA12869579971 /* Pods_SecureKeyStorageTests.framework */ = {isa = PBXFileReference; explicitFileType = wrapper.framework; includeInIndex = 0; path = Pods_SecureKeyStorageTests.framework; sourceTree = BUILT_PRODUCTS_DIR; };
/* End PBXFileReference section */

/* Begin PBXFrameworksBuildPhase section */
		3F3D9BC32232BDDA00D1B804 /* Frameworks */ = {
			isa = PBXFrameworksBuildPhase;
			buildActionMask = 2147483647;
			files = (
				3F3D9BFD2233CCA200D1B804 /* RNCryptor.framework in Frameworks */,
				5D51DC73E6C99EE25D5C5FC7 /* Pods_SecureKeyStorage.framework in Frameworks */,
			);
			runOnlyForDeploymentPostprocessing = 0;
		};
		3F3D9BCC2232BDDB00D1B804 /* Frameworks */ = {
			isa = PBXFrameworksBuildPhase;
			buildActionMask = 2147483647;
			files = (
				3F3D9BD02232BDDB00D1B804 /* SecureKeyStorage.framework in Frameworks */,
				F7C87FF40BE553FE9B8176FA /* Pods_SecureKeyStorageTests.framework in Frameworks */,
			);
			runOnlyForDeploymentPostprocessing = 0;
		};
/* End PBXFrameworksBuildPhase section */

/* Begin PBXGroup section */
		3E732BD6CAC626348425FB08 /* Pods */ = {
			isa = PBXGroup;
			children = (
				8F053B146539297CCFB1132B /* Pods-SecureKeyStorage.debug.xcconfig */,
				45BA29E1B3D5EC3B2892E2AD /* Pods-SecureKeyStorage.release.xcconfig */,
				67682746166B040120656542 /* Pods-SecureKeyStorageTests.debug.xcconfig */,
				82F9A35F8DCED11A607D9FC0 /* Pods-SecureKeyStorageTests.release.xcconfig */,
			);
			path = Pods;
			sourceTree = "<group>";
		};
		3F3D9BBC2232BDDA00D1B804 = {
			isa = PBXGroup;
			children = (
				3F3D9BC82232BDDA00D1B804 /* Sources */,
				3F3D9BD32232BDDB00D1B804 /* Tests */,
				3F3D9BC72232BDDA00D1B804 /* Products */,
				3E732BD6CAC626348425FB08 /* Pods */,
				8A4FAC7D6A2F0E2DA851647C /* Frameworks */,
			);
			sourceTree = "<group>";
		};
		3F3D9BC72232BDDA00D1B804 /* Products */ = {
			isa = PBXGroup;
			children = (
				3F3D9BC62232BDDA00D1B804 /* SecureKeyStorage.framework */,
				3F3D9BCF2232BDDB00D1B804 /* SecureKeyStorageTests.xctest */,
			);
			name = Products;
			sourceTree = "<group>";
		};
		3F3D9BC82232BDDA00D1B804 /* Sources */ = {
			isa = PBXGroup;
			children = (
				3F3D9BF12232BE5100D1B804 /* EncryptedStorageService.swift */,
				3F3D9BEE2232BE5100D1B804 /* EncryptedStore.swift */,
				3F3D9BF32232BE5100D1B804 /* KeychainService.swift */,
				3F3D9BF02232BE5100D1B804 /* KeychainStore.swift */,
				3F3D9BEF2232BE5100D1B804 /* SecureKeyStorage.swift */,
				3F3D9BF42232BE5100D1B804 /* SecureKeyStorageError.swift */,
				3F3D9BF22232BE5100D1B804 /* SecurelyStoring.swift */,
			);
			name = Sources;
			path = Sources/Classes;
			sourceTree = "<group>";
		};
		3F3D9BD32232BDDB00D1B804 /* Tests */ = {
			isa = PBXGroup;
			children = (
				3F3D9BD42232BDDB00D1B804 /* SecureKeyStorageTests.swift */,
			);
			path = Tests;
			sourceTree = "<group>";
		};
		8A4FAC7D6A2F0E2DA851647C /* Frameworks */ = {
			isa = PBXGroup;
			children = (
				3F3D9BFC2233CCA200D1B804 /* RNCryptor.framework */,
				51248DFED2496D809255CF7B /* Pods_SecureKeyStorage.framework */,
				A64F8C39C49BA12869579971 /* Pods_SecureKeyStorageTests.framework */,
			);
			name = Frameworks;
			sourceTree = "<group>";
		};
/* End PBXGroup section */

/* Begin PBXHeadersBuildPhase section */
		3F3D9BC12232BDDA00D1B804 /* Headers */ = {
			isa = PBXHeadersBuildPhase;
			buildActionMask = 2147483647;
			files = (
			);
			runOnlyForDeploymentPostprocessing = 0;
		};
/* End PBXHeadersBuildPhase section */

/* Begin PBXNativeTarget section */
		3F3D9BC52232BDDA00D1B804 /* SecureKeyStorage */ = {
			isa = PBXNativeTarget;
			buildConfigurationList = 3F3D9BDA2232BDDB00D1B804 /* Build configuration list for PBXNativeTarget "SecureKeyStorage" */;
			buildPhases = (
				990E3017B72E4A4791D03F37 /* [CP] Check Pods Manifest.lock */,
				3F3D9BC12232BDDA00D1B804 /* Headers */,
				3F3D9BC22232BDDA00D1B804 /* Sources */,
				3F3D9BC32232BDDA00D1B804 /* Frameworks */,
				3F3D9BC42232BDDA00D1B804 /* Resources */,
			);
			buildRules = (
			);
			dependencies = (
			);
			name = SecureKeyStorage;
			productName = SecureKeyStorage;
			productReference = 3F3D9BC62232BDDA00D1B804 /* SecureKeyStorage.framework */;
			productType = "com.apple.product-type.framework";
		};
		3F3D9BCE2232BDDB00D1B804 /* SecureKeyStorageTests */ = {
			isa = PBXNativeTarget;
			buildConfigurationList = 3F3D9BDD2232BDDB00D1B804 /* Build configuration list for PBXNativeTarget "SecureKeyStorageTests" */;
			buildPhases = (
				B05CFC8A1309D88B85AAB19A /* [CP] Check Pods Manifest.lock */,
				3F3D9BCB2232BDDB00D1B804 /* Sources */,
				3F3D9BCC2232BDDB00D1B804 /* Frameworks */,
				3F3D9BCD2232BDDB00D1B804 /* Resources */,
				9EAA2E480DD235CE175A1154 /* [CP] Embed Pods Frameworks */,
			);
			buildRules = (
			);
			dependencies = (
				3F3D9BD22232BDDB00D1B804 /* PBXTargetDependency */,
			);
			name = SecureKeyStorageTests;
			productName = SecureKeyStorageTests;
			productReference = 3F3D9BCF2232BDDB00D1B804 /* SecureKeyStorageTests.xctest */;
			productType = "com.apple.product-type.bundle.unit-test";
		};
/* End PBXNativeTarget section */

/* Begin PBXProject section */
		3F3D9BBD2232BDDA00D1B804 /* Project object */ = {
			isa = PBXProject;
			attributes = {
				LastSwiftUpdateCheck = 1010;
				LastUpgradeCheck = 1020;
				TargetAttributes = {
					3F3D9BC52232BDDA00D1B804 = {
						CreatedOnToolsVersion = 10.1;
						LastSwiftMigration = 1020;
					};
					3F3D9BCE2232BDDB00D1B804 = {
						CreatedOnToolsVersion = 10.1;
						LastSwiftMigration = 1020;
					};
				};
			};
			buildConfigurationList = 3F3D9BC02232BDDA00D1B804 /* Build configuration list for PBXProject "SecureKeyStorage" */;
			compatibilityVersion = "Xcode 9.3";
			developmentRegion = en;
			hasScannedForEncodings = 0;
			knownRegions = (
				en,
				Base,
			);
			mainGroup = 3F3D9BBC2232BDDA00D1B804;
			productRefGroup = 3F3D9BC72232BDDA00D1B804 /* Products */;
			projectDirPath = "";
			projectRoot = "";
			targets = (
				3F3D9BC52232BDDA00D1B804 /* SecureKeyStorage */,
				3F3D9BCE2232BDDB00D1B804 /* SecureKeyStorageTests */,
			);
		};
/* End PBXProject section */

/* Begin PBXResourcesBuildPhase section */
		3F3D9BC42232BDDA00D1B804 /* Resources */ = {
			isa = PBXResourcesBuildPhase;
			buildActionMask = 2147483647;
			files = (
			);
			runOnlyForDeploymentPostprocessing = 0;
		};
		3F3D9BCD2232BDDB00D1B804 /* Resources */ = {
			isa = PBXResourcesBuildPhase;
			buildActionMask = 2147483647;
			files = (
			);
			runOnlyForDeploymentPostprocessing = 0;
		};
/* End PBXResourcesBuildPhase section */

/* Begin PBXShellScriptBuildPhase section */
		990E3017B72E4A4791D03F37 /* [CP] Check Pods Manifest.lock */ = {
			isa = PBXShellScriptBuildPhase;
			buildActionMask = 2147483647;
			files = (
			);
			inputFileListPaths = (
			);
			inputPaths = (
				"${PODS_PODFILE_DIR_PATH}/Podfile.lock",
				"${PODS_ROOT}/Manifest.lock",
			);
			name = "[CP] Check Pods Manifest.lock";
			outputFileListPaths = (
			);
			outputPaths = (
				"$(DERIVED_FILE_DIR)/Pods-SecureKeyStorage-checkManifestLockResult.txt",
			);
			runOnlyForDeploymentPostprocessing = 0;
			shellPath = /bin/sh;
			shellScript = "diff \"${PODS_PODFILE_DIR_PATH}/Podfile.lock\" \"${PODS_ROOT}/Manifest.lock\" > /dev/null\nif [ $? != 0 ] ; then\n    # print error to STDERR\n    echo \"error: The sandbox is not in sync with the Podfile.lock. Run 'pod install' or update your CocoaPods installation.\" >&2\n    exit 1\nfi\n# This output is used by Xcode 'outputs' to avoid re-running this script phase.\necho \"SUCCESS\" > \"${SCRIPT_OUTPUT_FILE_0}\"\n";
			showEnvVarsInLog = 0;
		};
		9EAA2E480DD235CE175A1154 /* [CP] Embed Pods Frameworks */ = {
			isa = PBXShellScriptBuildPhase;
			buildActionMask = 2147483647;
			files = (
			);
			inputFileListPaths = (
				"${PODS_ROOT}/Target Support Files/Pods-SecureKeyStorageTests/Pods-SecureKeyStorageTests-frameworks-${CONFIGURATION}-input-files.xcfilelist",
			);
			name = "[CP] Embed Pods Frameworks";
			outputFileListPaths = (
				"${PODS_ROOT}/Target Support Files/Pods-SecureKeyStorageTests/Pods-SecureKeyStorageTests-frameworks-${CONFIGURATION}-output-files.xcfilelist",
			);
			runOnlyForDeploymentPostprocessing = 0;
			shellPath = /bin/sh;
			shellScript = "\"${PODS_ROOT}/Target Support Files/Pods-SecureKeyStorageTests/Pods-SecureKeyStorageTests-frameworks.sh\"\n";
			showEnvVarsInLog = 0;
		};
		B05CFC8A1309D88B85AAB19A /* [CP] Check Pods Manifest.lock */ = {
			isa = PBXShellScriptBuildPhase;
			buildActionMask = 2147483647;
			files = (
			);
			inputFileListPaths = (
			);
			inputPaths = (
				"${PODS_PODFILE_DIR_PATH}/Podfile.lock",
				"${PODS_ROOT}/Manifest.lock",
			);
			name = "[CP] Check Pods Manifest.lock";
			outputFileListPaths = (
			);
			outputPaths = (
				"$(DERIVED_FILE_DIR)/Pods-SecureKeyStorageTests-checkManifestLockResult.txt",
			);
			runOnlyForDeploymentPostprocessing = 0;
			shellPath = /bin/sh;
			shellScript = "diff \"${PODS_PODFILE_DIR_PATH}/Podfile.lock\" \"${PODS_ROOT}/Manifest.lock\" > /dev/null\nif [ $? != 0 ] ; then\n    # print error to STDERR\n    echo \"error: The sandbox is not in sync with the Podfile.lock. Run 'pod install' or update your CocoaPods installation.\" >&2\n    exit 1\nfi\n# This output is used by Xcode 'outputs' to avoid re-running this script phase.\necho \"SUCCESS\" > \"${SCRIPT_OUTPUT_FILE_0}\"\n";
			showEnvVarsInLog = 0;
		};
/* End PBXShellScriptBuildPhase section */

/* Begin PBXSourcesBuildPhase section */
		3F3D9BC22232BDDA00D1B804 /* Sources */ = {
			isa = PBXSourcesBuildPhase;
			buildActionMask = 2147483647;
			files = (
				3F3D9BF82232BE5100D1B804 /* EncryptedStorageService.swift in Sources */,
				3F3D9BF72232BE5100D1B804 /* KeychainStore.swift in Sources */,
				3F3D9BF92232BE5100D1B804 /* SecurelyStoring.swift in Sources */,
				3F3D9BFB2232BE5100D1B804 /* SecureKeyStorageError.swift in Sources */,
				3F3D9BF62232BE5100D1B804 /* SecureKeyStorage.swift in Sources */,
				3F3D9BF52232BE5100D1B804 /* EncryptedStore.swift in Sources */,
				3F3D9BFA2232BE5100D1B804 /* KeychainService.swift in Sources */,
			);
			runOnlyForDeploymentPostprocessing = 0;
		};
		3F3D9BCB2232BDDB00D1B804 /* Sources */ = {
			isa = PBXSourcesBuildPhase;
			buildActionMask = 2147483647;
			files = (
				3F3D9BD52232BDDB00D1B804 /* SecureKeyStorageTests.swift in Sources */,
			);
			runOnlyForDeploymentPostprocessing = 0;
		};
/* End PBXSourcesBuildPhase section */

/* Begin PBXTargetDependency section */
		3F3D9BD22232BDDB00D1B804 /* PBXTargetDependency */ = {
			isa = PBXTargetDependency;
			target = 3F3D9BC52232BDDA00D1B804 /* SecureKeyStorage */;
			targetProxy = 3F3D9BD12232BDDB00D1B804 /* PBXContainerItemProxy */;
		};
/* End PBXTargetDependency section */

/* Begin XCBuildConfiguration section */
		3F3D9BD82232BDDB00D1B804 /* Debug */ = {
			isa = XCBuildConfiguration;
			buildSettings = {
				ALWAYS_SEARCH_USER_PATHS = NO;
				CLANG_ANALYZER_NONNULL = YES;
				CLANG_ANALYZER_NUMBER_OBJECT_CONVERSION = YES_AGGRESSIVE;
				CLANG_CXX_LANGUAGE_STANDARD = "gnu++14";
				CLANG_CXX_LIBRARY = "libc++";
				CLANG_ENABLE_MODULES = YES;
				CLANG_ENABLE_OBJC_ARC = YES;
				CLANG_ENABLE_OBJC_WEAK = YES;
				CLANG_WARN_BLOCK_CAPTURE_AUTORELEASING = YES;
				CLANG_WARN_BOOL_CONVERSION = YES;
				CLANG_WARN_COMMA = YES;
				CLANG_WARN_CONSTANT_CONVERSION = YES;
				CLANG_WARN_DEPRECATED_OBJC_IMPLEMENTATIONS = YES;
				CLANG_WARN_DIRECT_OBJC_ISA_USAGE = YES_ERROR;
				CLANG_WARN_DOCUMENTATION_COMMENTS = YES;
				CLANG_WARN_EMPTY_BODY = YES;
				CLANG_WARN_ENUM_CONVERSION = YES;
				CLANG_WARN_INFINITE_RECURSION = YES;
				CLANG_WARN_INT_CONVERSION = YES;
				CLANG_WARN_NON_LITERAL_NULL_CONVERSION = YES;
				CLANG_WARN_OBJC_IMPLICIT_RETAIN_SELF = YES;
				CLANG_WARN_OBJC_LITERAL_CONVERSION = YES;
				CLANG_WARN_OBJC_ROOT_CLASS = YES_ERROR;
				CLANG_WARN_RANGE_LOOP_ANALYSIS = YES;
				CLANG_WARN_STRICT_PROTOTYPES = YES;
				CLANG_WARN_SUSPICIOUS_MOVE = YES;
				CLANG_WARN_UNGUARDED_AVAILABILITY = YES_AGGRESSIVE;
				CLANG_WARN_UNREACHABLE_CODE = YES;
				CLANG_WARN__DUPLICATE_METHOD_MATCH = YES;
				CODE_SIGN_IDENTITY = "iPhone Developer";
				COPY_PHASE_STRIP = NO;
				CURRENT_PROJECT_VERSION = 1;
				DEBUG_INFORMATION_FORMAT = dwarf;
				ENABLE_STRICT_OBJC_MSGSEND = YES;
				ENABLE_TESTABILITY = YES;
				GCC_C_LANGUAGE_STANDARD = gnu11;
				GCC_DYNAMIC_NO_PIC = NO;
				GCC_NO_COMMON_BLOCKS = YES;
				GCC_OPTIMIZATION_LEVEL = 0;
				GCC_PREPROCESSOR_DEFINITIONS = (
					"DEBUG=1",
					"$(inherited)",
				);
				GCC_WARN_64_TO_32_BIT_CONVERSION = YES;
				GCC_WARN_ABOUT_RETURN_TYPE = YES_ERROR;
				GCC_WARN_UNDECLARED_SELECTOR = YES;
				GCC_WARN_UNINITIALIZED_AUTOS = YES_AGGRESSIVE;
				GCC_WARN_UNUSED_FUNCTION = YES;
				GCC_WARN_UNUSED_VARIABLE = YES;
				IPHONEOS_DEPLOYMENT_TARGET = 12.1;
				MTL_ENABLE_DEBUG_INFO = INCLUDE_SOURCE;
				MTL_FAST_MATH = YES;
				ONLY_ACTIVE_ARCH = YES;
				SDKROOT = iphoneos;
				SWIFT_ACTIVE_COMPILATION_CONDITIONS = DEBUG;
				SWIFT_OPTIMIZATION_LEVEL = "-Onone";
				VERSIONING_SYSTEM = "apple-generic";
				VERSION_INFO_PREFIX = "";
			};
			name = Debug;
		};
		3F3D9BD92232BDDB00D1B804 /* Release */ = {
			isa = XCBuildConfiguration;
			buildSettings = {
				ALWAYS_SEARCH_USER_PATHS = NO;
				CLANG_ANALYZER_NONNULL = YES;
				CLANG_ANALYZER_NUMBER_OBJECT_CONVERSION = YES_AGGRESSIVE;
				CLANG_CXX_LANGUAGE_STANDARD = "gnu++14";
				CLANG_CXX_LIBRARY = "libc++";
				CLANG_ENABLE_MODULES = YES;
				CLANG_ENABLE_OBJC_ARC = YES;
				CLANG_ENABLE_OBJC_WEAK = YES;
				CLANG_WARN_BLOCK_CAPTURE_AUTORELEASING = YES;
				CLANG_WARN_BOOL_CONVERSION = YES;
				CLANG_WARN_COMMA = YES;
				CLANG_WARN_CONSTANT_CONVERSION = YES;
				CLANG_WARN_DEPRECATED_OBJC_IMPLEMENTATIONS = YES;
				CLANG_WARN_DIRECT_OBJC_ISA_USAGE = YES_ERROR;
				CLANG_WARN_DOCUMENTATION_COMMENTS = YES;
				CLANG_WARN_EMPTY_BODY = YES;
				CLANG_WARN_ENUM_CONVERSION = YES;
				CLANG_WARN_INFINITE_RECURSION = YES;
				CLANG_WARN_INT_CONVERSION = YES;
				CLANG_WARN_NON_LITERAL_NULL_CONVERSION = YES;
				CLANG_WARN_OBJC_IMPLICIT_RETAIN_SELF = YES;
				CLANG_WARN_OBJC_LITERAL_CONVERSION = YES;
				CLANG_WARN_OBJC_ROOT_CLASS = YES_ERROR;
				CLANG_WARN_RANGE_LOOP_ANALYSIS = YES;
				CLANG_WARN_STRICT_PROTOTYPES = YES;
				CLANG_WARN_SUSPICIOUS_MOVE = YES;
				CLANG_WARN_UNGUARDED_AVAILABILITY = YES_AGGRESSIVE;
				CLANG_WARN_UNREACHABLE_CODE = YES;
				CLANG_WARN__DUPLICATE_METHOD_MATCH = YES;
				CODE_SIGN_IDENTITY = "iPhone Developer";
				COPY_PHASE_STRIP = NO;
				CURRENT_PROJECT_VERSION = 1;
				DEBUG_INFORMATION_FORMAT = "dwarf-with-dsym";
				ENABLE_NS_ASSERTIONS = NO;
				ENABLE_STRICT_OBJC_MSGSEND = YES;
				GCC_C_LANGUAGE_STANDARD = gnu11;
				GCC_NO_COMMON_BLOCKS = YES;
				GCC_WARN_64_TO_32_BIT_CONVERSION = YES;
				GCC_WARN_ABOUT_RETURN_TYPE = YES_ERROR;
				GCC_WARN_UNDECLARED_SELECTOR = YES;
				GCC_WARN_UNINITIALIZED_AUTOS = YES_AGGRESSIVE;
				GCC_WARN_UNUSED_FUNCTION = YES;
				GCC_WARN_UNUSED_VARIABLE = YES;
				IPHONEOS_DEPLOYMENT_TARGET = 12.1;
				MTL_ENABLE_DEBUG_INFO = NO;
				MTL_FAST_MATH = YES;
				SDKROOT = iphoneos;
				SWIFT_COMPILATION_MODE = wholemodule;
				SWIFT_OPTIMIZATION_LEVEL = "-O";
				VALIDATE_PRODUCT = YES;
				VERSIONING_SYSTEM = "apple-generic";
				VERSION_INFO_PREFIX = "";
			};
			name = Release;
		};
		3F3D9BDB2232BDDB00D1B804 /* Debug */ = {
			isa = XCBuildConfiguration;
			baseConfigurationReference = 8F053B146539297CCFB1132B /* Pods-SecureKeyStorage.debug.xcconfig */;
			buildSettings = {
				CLANG_ENABLE_MODULES = YES;
				CODE_SIGN_IDENTITY = "";
				CODE_SIGN_STYLE = Automatic;
				DEFINES_MODULE = YES;
				DEVELOPMENT_TEAM = FCNMCC2Y82;
				DYLIB_COMPATIBILITY_VERSION = 1;
				DYLIB_CURRENT_VERSION = 1;
				DYLIB_INSTALL_NAME_BASE = "@rpath";
				INFOPLIST_FILE = "Sources/Supporting Files/Info.plist";
				INSTALL_PATH = "$(LOCAL_LIBRARY_DIR)/Frameworks";
				IPHONEOS_DEPLOYMENT_TARGET = 10.2;
				LD_RUNPATH_SEARCH_PATHS = (
					"$(inherited)",
					"@executable_path/Frameworks",
					"@loader_path/Frameworks",
				);
				PRODUCT_BUNDLE_IDENTIFIER = de.adorsys.ios.SecureKeyStorage;
				PRODUCT_NAME = "$(TARGET_NAME:c99extidentifier)";
				SKIP_INSTALL = YES;
				SWIFT_OPTIMIZATION_LEVEL = "-Onone";
				SWIFT_VERSION = 5.0;
				TARGETED_DEVICE_FAMILY = "1,2";
			};
			name = Debug;
		};
		3F3D9BDC2232BDDB00D1B804 /* Release */ = {
			isa = XCBuildConfiguration;
			baseConfigurationReference = 45BA29E1B3D5EC3B2892E2AD /* Pods-SecureKeyStorage.release.xcconfig */;
			buildSettings = {
				CLANG_ENABLE_MODULES = YES;
				CODE_SIGN_IDENTITY = "";
				CODE_SIGN_STYLE = Automatic;
				DEFINES_MODULE = YES;
				DEVELOPMENT_TEAM = FCNMCC2Y82;
				DYLIB_COMPATIBILITY_VERSION = 1;
				DYLIB_CURRENT_VERSION = 1;
				DYLIB_INSTALL_NAME_BASE = "@rpath";
				INFOPLIST_FILE = "Sources/Supporting Files/Info.plist";
				INSTALL_PATH = "$(LOCAL_LIBRARY_DIR)/Frameworks";
				IPHONEOS_DEPLOYMENT_TARGET = 10.2;
				LD_RUNPATH_SEARCH_PATHS = (
					"$(inherited)",
					"@executable_path/Frameworks",
					"@loader_path/Frameworks",
				);
				PRODUCT_BUNDLE_IDENTIFIER = de.adorsys.ios.SecureKeyStorage;
				PRODUCT_NAME = "$(TARGET_NAME:c99extidentifier)";
				SKIP_INSTALL = YES;
				SWIFT_VERSION = 5.0;
				TARGETED_DEVICE_FAMILY = "1,2";
			};
			name = Release;
		};
		3F3D9BDE2232BDDB00D1B804 /* Debug */ = {
			isa = XCBuildConfiguration;
			baseConfigurationReference = 67682746166B040120656542 /* Pods-SecureKeyStorageTests.debug.xcconfig */;
			buildSettings = {
				ALWAYS_EMBED_SWIFT_STANDARD_LIBRARIES = YES;
				CODE_SIGN_STYLE = Automatic;
				DEVELOPMENT_TEAM = FCNMCC2Y82;
				INFOPLIST_FILE = "Sources/Supporting Files/Info.plist";
				LD_RUNPATH_SEARCH_PATHS = (
					"$(inherited)",
					"@executable_path/Frameworks",
					"@loader_path/Frameworks",
				);
				PRODUCT_BUNDLE_IDENTIFIER = de.adorsys.ios.SecureKeyStorageTests;
				PRODUCT_NAME = "$(TARGET_NAME)";
				SWIFT_VERSION = 5.0;
				TARGETED_DEVICE_FAMILY = "1,2";
			};
			name = Debug;
		};
		3F3D9BDF2232BDDB00D1B804 /* Release */ = {
			isa = XCBuildConfiguration;
			baseConfigurationReference = 82F9A35F8DCED11A607D9FC0 /* Pods-SecureKeyStorageTests.release.xcconfig */;
			buildSettings = {
				ALWAYS_EMBED_SWIFT_STANDARD_LIBRARIES = YES;
				CODE_SIGN_STYLE = Automatic;
				DEVELOPMENT_TEAM = FCNMCC2Y82;
				INFOPLIST_FILE = "Sources/Supporting Files/Info.plist";
				LD_RUNPATH_SEARCH_PATHS = (
					"$(inherited)",
					"@executable_path/Frameworks",
					"@loader_path/Frameworks",
				);
				PRODUCT_BUNDLE_IDENTIFIER = de.adorsys.ios.SecureKeyStorageTests;
				PRODUCT_NAME = "$(TARGET_NAME)";
				SWIFT_VERSION = 5.0;
				TARGETED_DEVICE_FAMILY = "1,2";
			};
			name = Release;
		};
/* End XCBuildConfiguration section */

/* Begin XCConfigurationList section */
		3F3D9BC02232BDDA00D1B804 /* Build configuration list for PBXProject "SecureKeyStorage" */ = {
			isa = XCConfigurationList;
			buildConfigurations = (
				3F3D9BD82232BDDB00D1B804 /* Debug */,
				3F3D9BD92232BDDB00D1B804 /* Release */,
			);
			defaultConfigurationIsVisible = 0;
			defaultConfigurationName = Release;
		};
		3F3D9BDA2232BDDB00D1B804 /* Build configuration list for PBXNativeTarget "SecureKeyStorage" */ = {
			isa = XCConfigurationList;
			buildConfigurations = (
				3F3D9BDB2232BDDB00D1B804 /* Debug */,
				3F3D9BDC2232BDDB00D1B804 /* Release */,
			);
			defaultConfigurationIsVisible = 0;
			defaultConfigurationName = Release;
		};
		3F3D9BDD2232BDDB00D1B804 /* Build configuration list for PBXNativeTarget "SecureKeyStorageTests" */ = {
			isa = XCConfigurationList;
			buildConfigurations = (
				3F3D9BDE2232BDDB00D1B804 /* Debug */,
				3F3D9BDF2232BDDB00D1B804 /* Release */,
			);
			defaultConfigurationIsVisible = 0;
			defaultConfigurationName = Release;
		};
/* End XCConfigurationList section */
	};
	rootObject = 3F3D9BBD2232BDDA00D1B804 /* Project object */;
}
